
Microsoft Visual Studio Solution File, Format Version 12.00
# Visual Studio Version 17
VisualStudioVersion = 17.13.35913.81 d17.13
MinimumVisualStudioVersion = 10.0.40219.1
Project("{FAE04EC0-301F-11D3-BF4B-00C04F79EFBC}") = "az-deploy", "az-deploy\az-deploy.csproj", "{78144A3F-183B-4A63-983E-FDD2F777380D}"
EndProject
Global
	GlobalSection(SolutionConfigurationPlatforms) = preSolution
		Debug|Any CPU = Debug|Any CPU
		Release|Any CPU = Release|Any CPU
	EndGlobalSection
	GlobalSection(ProjectConfigurationPlatforms) = postSolution
		{78144A3F-183B-4A63-983E-FDD2F777380D}.Debug|Any CPU.ActiveCfg = Debug|Any CPU
		{78144A3F-183B-4A63-983E-FDD2F777380D}.Debug|Any CPU.Build.0 = Debug|Any CPU
		{78144A3F-183B-4A63-983E-FDD2F777380D}.Release|Any CPU.ActiveCfg = Release|Any CPU
		{78144A3F-183B-4A63-983E-FDD2F777380D}.Release|Any CPU.Build.0 = Release|Any CPU
	EndGlobalSection
	GlobalSection(SolutionProperties) = preSolution
		HideSolutionNode = FALSE
	EndGlobalSection
	GlobalSection(ExtensibilityGlobals) = postSolution
		SolutionGuid = {E8887FF4-1F76-4A69-AF7E-4FBDB7CFCC30}
	EndGlobalSection
EndGlobal
